{
  "version": 4,
  "terraform_version": "1.4.2",
  "serial": 29,
  "lineage": "1884ee24-de4a-658a-4afb-9767e87b9575",
  "outputs": {
    "external_ip_address_node02_yandex_cloud": {
      "value": "51.250.10.202",
      "type": "string"
    },
    "internal_ip_address_node02_yandex_cloud": {
      "value": "192.168.101.6",
      "type": "string"
    }
  },
  "resources": [
    {
      "mode": "managed",
      "type": "yandex_compute_instance",
      "name": "node02",
      "provider": "provider[\"registry.terraform.io/yandex-cloud/yandex\"]",
      "instances": [
        {
          "schema_version": 1,
          "attributes": {
            "allow_recreate": null,
            "allow_stopping_for_update": true,
            "boot_disk": [
              {
                "auto_delete": true,
                "device_name": "fhmvhmi91vo1jf2ud8hk",
                "disk_id": "fhmvhmi91vo1jf2ud8hk",
                "initialize_params": [
                  {
                    "block_size": 4096,
                    "description": "",
                    "image_id": "fd80le4b8gt2u33lvubr",
                    "name": "root-node02",
                    "size": 50,
                    "snapshot_id": "",
                    "type": "network-ssd"
                  }
                ],
                "mode": "READ_WRITE"
              }
            ],
            "created_at": "2023-04-05T23:50:33Z",
            "description": "",
            "filesystem": [],
            "folder_id": "b1gqdc8n6ve4seeukhei",
            "fqdn": "node02.netology.cloud",
            "gpu_cluster_id": "",
            "hostname": "node02.netology.cloud",
            "id": "fhm82817ugjgdos354jl",
            "labels": null,
            "local_disk": [],
            "metadata": {
              "ssh-keys": "centos:ssh-rsa AAAAB3NzaC1yc2EAAAADAQABAAABgQCNsB5MJApncjaxaySU755n+aTgylWUY1XQXnPsMdfIjcv44Yi7TvM5asPLnhp0VaO9C7T2ThIdtiX4ufyBojWwDq4bYDpuORll9ZXAEyfRUSgftoaHPQzyHd3vPSxZI0/k0YN58Bos/GUV01JHOnGMN4eiclukdmwCNBMbafLEmr9zXgwUw/JA0nLVerpl8GcagcQc4ILMWi4CytlCs8+3L59iD21v0GH99dcS6U7Dm962nyMbhG4yf6TrRbh0XzTXsi3GPv4UlC6NqDnbzQDdyRNGfX8kzFikL+cLeaMildKO05TUGfGexol148XjAhjOkp5J1rzqo5WdlOplFUlHQW/RUKLfQ4fcVAV6NxSpShPFQHG6pRr2brC1nhsLfp5cUYOq0gGIVAoVq2mdKgUMK9tlcRtGHHEXwdaMnp/hcEB5haeK6qTc7tGl7xTfuPvf7zQemY6i+bQdeXcqtXW5R8SGBL8sMybvQHn3qp94xaKyeSI+nhvTYOUf1kZtjmM= bav@Ubn-home\n"
            },
            "metadata_options": [
              {
                "aws_v1_http_endpoint": 1,
                "aws_v1_http_token": 2,
                "gce_http_endpoint": 1,
                "gce_http_token": 1
              }
            ],
            "name": "node02",
            "network_acceleration_type": "standard",
            "network_interface": [
              {
                "dns_record": [],
                "index": 0,
                "ip_address": "192.168.101.6",
                "ipv4": true,
                "ipv6": false,
                "ipv6_address": "",
                "ipv6_dns_record": [],
                "mac_address": "d0:0d:81:20:27:f4",
                "nat": true,
                "nat_dns_record": [],
                "nat_ip_address": "51.250.10.202",
                "nat_ip_version": "IPV4",
                "security_group_ids": [],
                "subnet_id": "e9b5tqdmu9otiq7d3v95"
              }
            ],
            "placement_policy": [
              {
                "host_affinity_rules": [],
                "placement_group_id": ""
              }
            ],
            "platform_id": "standard-v1",
            "resources": [
              {
                "core_fraction": 100,
                "cores": 8,
                "gpus": 0,
                "memory": 8
              }
            ],
            "scheduling_policy": [
              {
                "preemptible": false
              }
            ],
            "secondary_disk": [],
            "service_account_id": "",
            "status": "running",
            "timeouts": null,
            "zone": "ru-central1-a"
          },
          "sensitive_attributes": [],
          "private": "eyJlMmJmYjczMC1lY2FhLTExZTYtOGY4OC0zNDM2M2JjN2M0YzAiOnsiY3JlYXRlIjozMDAwMDAwMDAwMDAsImRlbGV0ZSI6MzAwMDAwMDAwMDAwLCJ1cGRhdGUiOjMwMDAwMDAwMDAwMH0sInNjaGVtYV92ZXJzaW9uIjoiMSJ9",
          "dependencies": [
            "yandex_vpc_subnet.default"
          ]
        }
      ]
    },
    {
      "mode": "managed",
      "type": "yandex_vpc_network",
      "name": "default",
      "provider": "provider[\"registry.terraform.io/yandex-cloud/yandex\"]",
      "instances": [
        {
          "schema_version": 0,
          "attributes": {
            "created_at": "2023-04-01T18:28:03Z",
            "default_security_group_id": "",
            "description": "",
            "folder_id": "b1gqdc8n6ve4seeukhei",
            "id": "enpijucpbtr5rbptsdts",
            "labels": {},
            "name": "net",
            "subnet_ids": [
              "e9b5tqdmu9otiq7d3v95"
            ],
            "timeouts": null
          },
          "sensitive_attributes": [],
          "private": "eyJlMmJmYjczMC1lY2FhLTExZTYtOGY4OC0zNDM2M2JjN2M0YzAiOnsiY3JlYXRlIjo2MDAwMDAwMDAwMCwiZGVsZXRlIjo2MDAwMDAwMDAwMCwidXBkYXRlIjo2MDAwMDAwMDAwMH19"
        }
      ]
    },
    {
      "mode": "managed",
      "type": "yandex_vpc_subnet",
      "name": "default",
      "provider": "provider[\"registry.terraform.io/yandex-cloud/yandex\"]",
      "instances": [
        {
          "schema_version": 0,
          "attributes": {
            "created_at": "2023-04-01T18:28:04Z",
            "description": "",
            "dhcp_options": [],
            "folder_id": "b1gqdc8n6ve4seeukhei",
            "id": "e9b5tqdmu9otiq7d3v95",
            "labels": {},
            "name": "subnet",
            "network_id": "enpijucpbtr5rbptsdts",
            "route_table_id": "",
            "timeouts": null,
            "v4_cidr_blocks": [
              "192.168.101.0/24"
            ],
            "v6_cidr_blocks": [],
            "zone": "ru-central1-a"
          },
          "sensitive_attributes": [],
          "private": "eyJlMmJmYjczMC1lY2FhLTExZTYtOGY4OC0zNDM2M2JjN2M0YzAiOnsiY3JlYXRlIjoxODAwMDAwMDAwMDAsImRlbGV0ZSI6MTgwMDAwMDAwMDAwLCJ1cGRhdGUiOjE4MDAwMDAwMDAwMH19",
          "dependencies": [
            "yandex_vpc_network.default"
          ]
        }
      ]
    }
  ],
  "check_results": null
}
